<?xml version="1.0" encoding="utf-8"?>
<Project ToolsVersion="4.0" xmlns="http://schemas.microsoft.com/developer/msbuild/2003">
  <ItemGroup>
    <Filter Include="Fugu">
      <UniqueIdentifier>{7C71857C-68A8-860D-1195-6C10FDAA020F}</UniqueIdentifier>
    </Filter>
    <Filter Include="Fugu\Events">
      <UniqueIdentifier>{E01935DF-4CCF-ADD4-D5C3-A7AB4178A4D8}</UniqueIdentifier>
    </Filter>
    <Filter Include="Fugu\ImGui">
      <UniqueIdentifier>{A613543D-92CB-958A-FBD2-6EE6E7A9307B}</UniqueIdentifier>
    </Filter>
    <Filter Include="Fugu\Platforms">
      <UniqueIdentifier>{C343243D-AF11-1843-98A5-88698412F4A7}</UniqueIdentifier>
    </Filter>
    <Filter Include="Fugu\Platforms\GLFW">
      <UniqueIdentifier>{E2D09E27-4E32-7C35-D79F-C2E74300B3F4}</UniqueIdentifier>
    </Filter>
    <Filter Include="Fugu\Platforms\OpenGL">
      <UniqueIdentifier>{97B3DC9F-0320-989A-CC13-30F8383FBA02}</UniqueIdentifier>
    </Filter>
    <Filter Include="Fugu\Platforms\Windows">
      <UniqueIdentifier>{FD008FF3-E9FA-B745-D267-4E56BE001EB2}</UniqueIdentifier>
    </Filter>
  </ItemGroup>
  <ItemGroup>
    <ClInclude Include="src\Fugu.h" />
    <ClInclude Include="src\Fugu\Application.h">
      <Filter>Fugu</Filter>
    </ClInclude>
    <ClInclude Include="src\Fugu\Core.h">
      <Filter>Fugu</Filter>
    </ClInclude>
    <ClInclude Include="src\Fugu\EntryPoint.h">
      <Filter>Fugu</Filter>
    </ClInclude>
    <ClInclude Include="src\Fugu\Events\ApplicationEvent.h">
      <Filter>Fugu\Events</Filter>
    </ClInclude>
    <ClInclude Include="src\Fugu\Events\Event.h">
      <Filter>Fugu\Events</Filter>
    </ClInclude>
    <ClInclude Include="src\Fugu\Events\KeyEvent.h">
      <Filter>Fugu\Events</Filter>
    </ClInclude>
    <ClInclude Include="src\Fugu\Events\MouseEvent.h">
      <Filter>Fugu\Events</Filter>
    </ClInclude>
    <ClInclude Include="src\Fugu\ImGui\ImGuiLayer.h">
      <Filter>Fugu\ImGui</Filter>
    </ClInclude>
    <ClInclude Include="src\Fugu\Layer.h">
      <Filter>Fugu</Filter>
    </ClInclude>
    <ClInclude Include="src\Fugu\LayerStack.h">
      <Filter>Fugu</Filter>
    </ClInclude>
    <ClInclude Include="src\Fugu\Log.h">
      <Filter>Fugu</Filter>
    </ClInclude>
    <ClInclude Include="src\Fugu\Platforms\GLFW\ImGuiGlfwRenderer.h">
      <Filter>Fugu\Platforms\GLFW</Filter>
    </ClInclude>
    <ClInclude Include="src\Fugu\Platforms\OpenGL\ImGuiOpenGLRenderer.h">
      <Filter>Fugu\Platforms\OpenGL</Filter>
    </ClInclude>
    <ClInclude Include="src\Fugu\Platforms\Windows\WindowsWindow.h">
      <Filter>Fugu\Platforms\Windows</Filter>
    </ClInclude>
    <ClInclude Include="src\Fugu\Window.h">
      <Filter>Fugu</Filter>
    </ClInclude>
    <ClInclude Include="src\fgpch.h" />
    <ClInclude Include="src\Fugu\Input.h" />
    <ClInclude Include="src\Fugu\Platforms\Windows\WindowsInput.h" />
    <ClInclude Include="src\Fugu\KeyCodes.h" />
    <ClInclude Include="src\Fugu\MouseButtonCodes.h" />
  </ItemGroup>
  <ItemGroup>
    <ClCompile Include="src\Fugu\Application.cpp">
      <Filter>Fugu</Filter>
    </ClCompile>
    <ClCompile Include="src\Fugu\ImGui\ImGuiLayer.cpp">
      <Filter>Fugu\ImGui</Filter>
    </ClCompile>
    <ClCompile Include="src\Fugu\LayerStack.cpp">
      <Filter>Fugu</Filter>
    </ClCompile>
    <ClCompile Include="src\Fugu\Log.cpp">
      <Filter>Fugu</Filter>
    </ClCompile>
    <ClCompile Include="src\Fugu\Platforms\GLFW\ImGuiGlfwRenderer.cpp">
      <Filter>Fugu\Platforms\GLFW</Filter>
    </ClCompile>
    <ClCompile Include="src\Fugu\Platforms\OpenGL\ImGuiOpenGLRenderer.cpp">
      <Filter>Fugu\Platforms\OpenGL</Filter>
    </ClCompile>
    <ClCompile Include="src\Fugu\Platforms\Windows\WindowsWindow.cpp">
      <Filter>Fugu\Platforms\Windows</Filter>
    </ClCompile>
    <ClCompile Include="src\fgpch.cpp" />
    <ClCompile Include="src\Fugu\Platforms\Windows\WindowsInput.cpp" />
  </ItemGroup>
</Project>