<?xml version="1.0" encoding="utf-8"?>
<Project ToolsVersion="4.0" xmlns="http://schemas.microsoft.com/developer/msbuild/2003">
  <ItemGroup>
    <Filter Include="Fugu">
      <UniqueIdentifier>{7C71857C-68A8-860D-1195-6C10FDAA020F}</UniqueIdentifier>
    </Filter>
  </ItemGroup>
  <ItemGroup>
    <ClInclude Include="src\Fugu.h" />
    <ClInclude Include="src\Fugu\Application.h">
      <Filter>Fugu</Filter>
    </ClInclude>
    <ClInclude Include="src\Fugu\Core.h">
      <Filter>Fugu</Filter>
    </ClInclude>
    <ClInclude Include="src\Fugu\EntryPoint.h">
      <Filter>Fugu</Filter>
    </ClInclude>
    <ClInclude Include="src\Fugu\Log.h">
      <Filter>Fugu</Filter>
    </ClInclude>
    <ClInclude Include="src\Fugu\Events\Event.h" />
    <ClInclude Include="src\Fugu\Events\KeyEvent.h" />
    <ClInclude Include="src\Fugu\Events\MouseEvent.h" />
    <ClInclude Include="src\Fugu\Events\ApplicationEvent.h" />
  </ItemGroup>
  <ItemGroup>
    <ClCompile Include="src\Fugu\Application.cpp">
      <Filter>Fugu</Filter>
    </ClCompile>
    <ClCompile Include="src\Fugu\Log.cpp">
      <Filter>Fugu</Filter>
    </ClCompile>
  </ItemGroup>
</Project>