<?xml version="1.0" encoding="utf-8"?>
<Project ToolsVersion="4.0" xmlns="http://schemas.microsoft.com/developer/msbuild/2003">
  <ItemGroup>
    <Filter Include="Fugu">
      <UniqueIdentifier>{7C71857C-68A8-860D-1195-6C10FDAA020F}</UniqueIdentifier>
    </Filter>
    <Filter Include="Fugu\Events">
      <UniqueIdentifier>{E01935DF-4CCF-ADD4-D5C3-A7AB4178A4D8}</UniqueIdentifier>
    </Filter>
    <Filter Include="Fugu\Platforms">
      <UniqueIdentifier>{C343243D-AF11-1843-98A5-88698412F4A7}</UniqueIdentifier>
    </Filter>
  </ItemGroup>
  <ItemGroup>
    <ClInclude Include="src\Fugu.h" />
    <ClInclude Include="src\Fugu\Application.h">
      <Filter>Fugu</Filter>
    </ClInclude>
    <ClInclude Include="src\Fugu\Core.h">
      <Filter>Fugu</Filter>
    </ClInclude>
    <ClInclude Include="src\Fugu\EntryPoint.h">
      <Filter>Fugu</Filter>
    </ClInclude>
    <ClInclude Include="src\Fugu\Events\ApplicationEvent.h">
      <Filter>Fugu\Events</Filter>
    </ClInclude>
    <ClInclude Include="src\Fugu\Events\Event.h">
      <Filter>Fugu\Events</Filter>
    </ClInclude>
    <ClInclude Include="src\Fugu\Events\KeyEvent.h">
      <Filter>Fugu\Events</Filter>
    </ClInclude>
    <ClInclude Include="src\Fugu\Events\MouseEvent.h">
      <Filter>Fugu\Events</Filter>
    </ClInclude>
    <ClInclude Include="src\Fugu\Layer.h">
      <Filter>Fugu</Filter>
    </ClInclude>
    <ClInclude Include="src\Fugu\LayerStack.h">
      <Filter>Fugu</Filter>
    </ClInclude>
    <ClInclude Include="src\Fugu\Log.h">
      <Filter>Fugu</Filter>
    </ClInclude>
    <ClInclude Include="src\Fugu\Platforms\WindowsWindow.h">
      <Filter>Fugu\Platforms</Filter>
    </ClInclude>
    <ClInclude Include="src\Fugu\Window.h">
      <Filter>Fugu</Filter>
    </ClInclude>
    <ClInclude Include="src\fgpch.h" />
  </ItemGroup>
  <ItemGroup>
    <ClCompile Include="src\Fugu\Application.cpp">
      <Filter>Fugu</Filter>
    </ClCompile>
    <ClCompile Include="src\Fugu\LayerStack.cpp">
      <Filter>Fugu</Filter>
    </ClCompile>
    <ClCompile Include="src\Fugu\Log.cpp">
      <Filter>Fugu</Filter>
    </ClCompile>
    <ClCompile Include="src\Fugu\Platforms\WindowsWindow.cpp">
      <Filter>Fugu\Platforms</Filter>
    </ClCompile>
    <ClCompile Include="src\fgpch.cpp" />
  </ItemGroup>
</Project>